// !$*UTF8*$!
{
	archiveVersion = 1;
	classes = {
	};
	objectVersion = 56;
	objects = {

/* Begin PBXBuildFile section */
		52962F862D5E2C1A008CCCEA /* weather_appApp.swift in Sources */ = {isa = PBXBuildFile; fileRef = 52962F852D5E2C1A008CCCEA /* weather_appApp.swift */; };
		52962F8A2D5E2C1C008CCCEA /* Assets.xcassets in Resources */ = {isa = PBXBuildFile; fileRef = 52962F892D5E2C1C008CCCEA /* Assets.xcassets */; };
		52962F8E2D5E2C1C008CCCEA /* Preview Assets.xcassets in Resources */ = {isa = PBXBuildFile; fileRef = 52962F8D2D5E2C1C008CCCEA /* Preview Assets.xcassets */; };
		52962F982D5E2C1C008CCCEA /* weather_appTests.swift in Sources */ = {isa = PBXBuildFile; fileRef = 52962F972D5E2C1C008CCCEA /* weather_appTests.swift */; };
		52962FA22D5E2C1C008CCCEA /* weather_appUITests.swift in Sources */ = {isa = PBXBuildFile; fileRef = 52962FA12D5E2C1C008CCCEA /* weather_appUITests.swift */; };
		52962FA42D5E2C1C008CCCEA /* weather_appUITestsLaunchTests.swift in Sources */ = {isa = PBXBuildFile; fileRef = 52962FA32D5E2C1C008CCCEA /* weather_appUITestsLaunchTests.swift */; };
		52962FB22D5E2C9D008CCCEA /* ContentView.swift in Sources */ = {isa = PBXBuildFile; fileRef = 52962FB12D5E2C9D008CCCEA /* ContentView.swift */; };
		52962FB42D5E2CA9008CCCEA /* WeatherView.swift in Sources */ = {isa = PBXBuildFile; fileRef = 52962FB32D5E2CA9008CCCEA /* WeatherView.swift */; };
		52962FB72D5E2CCC008CCCEA /* WeatherViewModel.swift in Sources */ = {isa = PBXBuildFile; fileRef = 52962FB62D5E2CCC008CCCEA /* WeatherViewModel.swift */; };
		52962FBA2D5E2CE5008CCCEA /* Weather.swift in Sources */ = {isa = PBXBuildFile; fileRef = 52962FB92D5E2CE5008CCCEA /* Weather.swift */; };
		52962FBC2D5E2E6B008CCCEA /* backgr.png in Resources */ = {isa = PBXBuildFile; fileRef = 52962FBB2D5E2E6B008CCCEA /* backgr.png */; };
/* End PBXBuildFile section */

/* Begin PBXContainerItemProxy section */
		52962F942D5E2C1C008CCCEA /* PBXContainerItemProxy */ = {
			isa = PBXContainerItemProxy;
			containerPortal = 52962F7A2D5E2C1A008CCCEA /* Project object */;
			proxyType = 1;
			remoteGlobalIDString = 52962F812D5E2C1A008CCCEA;
			remoteInfo = weather_app;
		};
		52962F9E2D5E2C1C008CCCEA /* PBXContainerItemProxy */ = {
			isa = PBXContainerItemProxy;
			containerPortal = 52962F7A2D5E2C1A008CCCEA /* Project object */;
			proxyType = 1;
			remoteGlobalIDString = 52962F812D5E2C1A008CCCEA;
			remoteInfo = weather_app;
		};
/* End PBXContainerItemProxy section */

/* Begin PBXFileReference section */
		52962F822D5E2C1A008CCCEA /* weather_app.app */ = {isa = PBXFileReference; explicitFileType = wrapper.application; includeInIndex = 0; path = weather_app.app; sourceTree = BUILT_PRODUCTS_DIR; };
		52962F852D5E2C1A008CCCEA /* weather_appApp.swift */ = {isa = PBXFileReference; lastKnownFileType = sourcecode.swift; path = weather_appApp.swift; sourceTree = "<group>"; };
		52962F892D5E2C1C008CCCEA /* Assets.xcassets */ = {isa = PBXFileReference; lastKnownFileType = folder.assetcatalog; path = Assets.xcassets; sourceTree = "<group>"; };
		52962F8B2D5E2C1C008CCCEA /* weather_app.entitlements */ = {isa = PBXFileReference; lastKnownFileType = text.plist.entitlements; path = weather_app.entitlements; sourceTree = "<group>"; };
		52962F8D2D5E2C1C008CCCEA /* Preview Assets.xcassets */ = {isa = PBXFileReference; lastKnownFileType = folder.assetcatalog; path = "Preview Assets.xcassets"; sourceTree = "<group>"; };
		52962F932D5E2C1C008CCCEA /* weather_appTests.xctest */ = {isa = PBXFileReference; explicitFileType = wrapper.cfbundle; includeInIndex = 0; path = weather_appTests.xctest; sourceTree = BUILT_PRODUCTS_DIR; };
		52962F972D5E2C1C008CCCEA /* weather_appTests.swift */ = {isa = PBXFileReference; lastKnownFileType = sourcecode.swift; path = weather_appTests.swift; sourceTree = "<group>"; };
		52962F9D2D5E2C1C008CCCEA /* weather_appUITests.xctest */ = {isa = PBXFileReference; explicitFileType = wrapper.cfbundle; includeInIndex = 0; path = weather_appUITests.xctest; sourceTree = BUILT_PRODUCTS_DIR; };
		52962FA12D5E2C1C008CCCEA /* weather_appUITests.swift */ = {isa = PBXFileReference; lastKnownFileType = sourcecode.swift; path = weather_appUITests.swift; sourceTree = "<group>"; };
		52962FA32D5E2C1C008CCCEA /* weather_appUITestsLaunchTests.swift */ = {isa = PBXFileReference; lastKnownFileType = sourcecode.swift; path = weather_appUITestsLaunchTests.swift; sourceTree = "<group>"; };
		52962FB12D5E2C9D008CCCEA /* ContentView.swift */ = {isa = PBXFileReference; lastKnownFileType = sourcecode.swift; path = ContentView.swift; sourceTree = "<group>"; };
		52962FB32D5E2CA9008CCCEA /* WeatherView.swift */ = {isa = PBXFileReference; lastKnownFileType = sourcecode.swift; path = WeatherView.swift; sourceTree = "<group>"; };
		52962FB62D5E2CCC008CCCEA /* WeatherViewModel.swift */ = {isa = PBXFileReference; lastKnownFileType = sourcecode.swift; path = WeatherViewModel.swift; sourceTree = "<group>"; };
		52962FB92D5E2CE5008CCCEA /* Weather.swift */ = {isa = PBXFileReference; lastKnownFileType = sourcecode.swift; path = Weather.swift; sourceTree = "<group>"; };
		52962FBB2D5E2E6B008CCCEA /* backgr.png */ = {isa = PBXFileReference; lastKnownFileType = image.png; name = backgr.png; path = ../../../Users/test/Downloads/backgr.png; sourceTree = "<group>"; };
/* End PBXFileReference section */

/* Begin PBXFrameworksBuildPhase section */
		52962F7F2D5E2C1A008CCCEA /* Frameworks */ = {
			isa = PBXFrameworksBuildPhase;
			buildActionMask = 2147483647;
			files = (
			);
			runOnlyForDeploymentPostprocessing = 0;
		};
		52962F902D5E2C1C008CCCEA /* Frameworks */ = {
			isa = PBXFrameworksBuildPhase;
			buildActionMask = 2147483647;
			files = (
			);
			runOnlyForDeploymentPostprocessing = 0;
		};
		52962F9A2D5E2C1C008CCCEA /* Frameworks */ = {
			isa = PBXFrameworksBuildPhase;
			buildActionMask = 2147483647;
			files = (
			);
			runOnlyForDeploymentPostprocessing = 0;
		};
/* End PBXFrameworksBuildPhase section */

/* Begin PBXGroup section */
		52962F792D5E2C1A008CCCEA = {
			isa = PBXGroup;
			children = (
				52962F842D5E2C1A008CCCEA /* weather_app */,
				52962F962D5E2C1C008CCCEA /* weather_appTests */,
				52962FA02D5E2C1C008CCCEA /* weather_appUITests */,
				52962F832D5E2C1A008CCCEA /* Products */,
			);
			sourceTree = "<group>";
		};
		52962F832D5E2C1A008CCCEA /* Products */ = {
			isa = PBXGroup;
			children = (
				52962F822D5E2C1A008CCCEA /* weather_app.app */,
				52962F932D5E2C1C008CCCEA /* weather_appTests.xctest */,
				52962F9D2D5E2C1C008CCCEA /* weather_appUITests.xctest */,
			);
			name = Products;
			sourceTree = "<group>";
		};
		52962F842D5E2C1A008CCCEA /* weather_app */ = {
			isa = PBXGroup;
			children = (
				52962FB82D5E2CDC008CCCEA /* Model */,
				52962FB52D5E2CB4008CCCEA /* ViewModel */,
				52962FB02D5E2C90008CCCEA /* View */,
				52962F852D5E2C1A008CCCEA /* weather_appApp.swift */,
				52962F892D5E2C1C008CCCEA /* Assets.xcassets */,
				52962FBB2D5E2E6B008CCCEA /* backgr.png */,
				52962F8B2D5E2C1C008CCCEA /* weather_app.entitlements */,
				52962F8C2D5E2C1C008CCCEA /* Preview Content */,
			);
			path = weather_app;
			sourceTree = "<group>";
		};
		52962F8C2D5E2C1C008CCCEA /* Preview Content */ = {
			isa = PBXGroup;
			children = (
				52962F8D2D5E2C1C008CCCEA /* Preview Assets.xcassets */,
			);
			path = "Preview Content";
			sourceTree = "<group>";
		};
		52962F962D5E2C1C008CCCEA /* weather_appTests */ = {
			isa = PBXGroup;
			children = (
				52962F972D5E2C1C008CCCEA /* weather_appTests.swift */,
			);
			path = weather_appTests;
			sourceTree = "<group>";
		};
		52962FA02D5E2C1C008CCCEA /* weather_appUITests */ = {
			isa = PBXGroup;
			children = (
				52962FA12D5E2C1C008CCCEA /* weather_appUITests.swift */,
				52962FA32D5E2C1C008CCCEA /* weather_appUITestsLaunchTests.swift */,
			);
			path = weather_appUITests;
			sourceTree = "<group>";
		};
		52962FB02D5E2C90008CCCEA /* View */ = {
			isa = PBXGroup;
			children = (
				52962FB12D5E2C9D008CCCEA /* ContentView.swift */,
				52962FB32D5E2CA9008CCCEA /* WeatherView.swift */,
			);
			path = View;
			sourceTree = "<group>";
		};
		52962FB52D5E2CB4008CCCEA /* ViewModel */ = {
			isa = PBXGroup;
			children = (
				52962FB62D5E2CCC008CCCEA /* WeatherViewModel.swift */,
			);
			path = ViewModel;
			sourceTree = "<group>";
		};
		52962FB82D5E2CDC008CCCEA /* Model */ = {
			isa = PBXGroup;
			children = (
				52962FB92D5E2CE5008CCCEA /* Weather.swift */,
			);
			path = Model;
			sourceTree = "<group>";
		};
/* End PBXGroup section */

/* Begin PBXNativeTarget section */
		52962F812D5E2C1A008CCCEA /* weather_app */ = {
			isa = PBXNativeTarget;
			buildConfigurationList = 52962FA72D5E2C1C008CCCEA /* Build configuration list for PBXNativeTarget "weather_app" */;
			buildPhases = (
				52962F7E2D5E2C1A008CCCEA /* Sources */,
				52962F7F2D5E2C1A008CCCEA /* Frameworks */,
				52962F802D5E2C1A008CCCEA /* Resources */,
			);
			buildRules = (
			);
			dependencies = (
			);
			name = weather_app;
			productName = weather_app;
			productReference = 52962F822D5E2C1A008CCCEA /* weather_app.app */;
			productType = "com.apple.product-type.application";
		};
		52962F922D5E2C1C008CCCEA /* weather_appTests */ = {
			isa = PBXNativeTarget;
			buildConfigurationList = 52962FAA2D5E2C1C008CCCEA /* Build configuration list for PBXNativeTarget "weather_appTests" */;
			buildPhases = (
				52962F8F2D5E2C1C008CCCEA /* Sources */,
				52962F902D5E2C1C008CCCEA /* Frameworks */,
				52962F912D5E2C1C008CCCEA /* Resources */,
			);
			buildRules = (
			);
			dependencies = (
				52962F952D5E2C1C008CCCEA /* PBXTargetDependency */,
			);
			name = weather_appTests;
			productName = weather_appTests;
			productReference = 52962F932D5E2C1C008CCCEA /* weather_appTests.xctest */;
			productType = "com.apple.product-type.bundle.unit-test";
		};
		52962F9C2D5E2C1C008CCCEA /* weather_appUITests */ = {
			isa = PBXNativeTarget;
			buildConfigurationList = 52962FAD2D5E2C1C008CCCEA /* Build configuration list for PBXNativeTarget "weather_appUITests" */;
			buildPhases = (
				52962F992D5E2C1C008CCCEA /* Sources */,
				52962F9A2D5E2C1C008CCCEA /* Frameworks */,
				52962F9B2D5E2C1C008CCCEA /* Resources */,
			);
			buildRules = (
			);
			dependencies = (
				52962F9F2D5E2C1C008CCCEA /* PBXTargetDependency */,
			);
			name = weather_appUITests;
			productName = weather_appUITests;
			productReference = 52962F9D2D5E2C1C008CCCEA /* weather_appUITests.xctest */;
			productType = "com.apple.product-type.bundle.ui-testing";
		};
/* End PBXNativeTarget section */

/* Begin PBXProject section */
		52962F7A2D5E2C1A008CCCEA /* Project object */ = {
			isa = PBXProject;
			attributes = {
				BuildIndependentTargetsInParallel = 1;
				LastSwiftUpdateCheck = 1540;
				LastUpgradeCheck = 1540;
				TargetAttributes = {
					52962F812D5E2C1A008CCCEA = {
						CreatedOnToolsVersion = 15.4;
					};
					52962F922D5E2C1C008CCCEA = {
						CreatedOnToolsVersion = 15.4;
						TestTargetID = 52962F812D5E2C1A008CCCEA;
					};
					52962F9C2D5E2C1C008CCCEA = {
						CreatedOnToolsVersion = 15.4;
						TestTargetID = 52962F812D5E2C1A008CCCEA;
					};
				};
			};
			buildConfigurationList = 52962F7D2D5E2C1A008CCCEA /* Build configuration list for PBXProject "weather_app" */;
			compatibilityVersion = "Xcode 14.0";
			developmentRegion = en;
			hasScannedForEncodings = 0;
			knownRegions = (
				en,
				Base,
			);
			mainGroup = 52962F792D5E2C1A008CCCEA;
			productRefGroup = 52962F832D5E2C1A008CCCEA /* Products */;
			projectDirPath = "";
			projectRoot = "";
			targets = (
				52962F812D5E2C1A008CCCEA /* weather_app */,
				52962F922D5E2C1C008CCCEA /* weather_appTests */,
				52962F9C2D5E2C1C008CCCEA /* weather_appUITests */,
			);
		};
/* End PBXProject section */

/* Begin PBXResourcesBuildPhase section */
		52962F802D5E2C1A008CCCEA /* Resources */ = {
			isa = PBXResourcesBuildPhase;
			buildActionMask = 2147483647;
			files = (
				52962F8E2D5E2C1C008CCCEA /* Preview Assets.xcassets in Resources */,
				52962F8A2D5E2C1C008CCCEA /* Assets.xcassets in Resources */,
				52962FBC2D5E2E6B008CCCEA /* backgr.png in Resources */,
			);
			runOnlyForDeploymentPostprocessing = 0;
		};
		52962F912D5E2C1C008CCCEA /* Resources */ = {
			isa = PBXResourcesBuildPhase;
			buildActionMask = 2147483647;
			files = (
			);
			runOnlyForDeploymentPostprocessing = 0;
		};
		52962F9B2D5E2C1C008CCCEA /* Resources */ = {
			isa = PBXResourcesBuildPhase;
			buildActionMask = 2147483647;
			files = (
			);
			runOnlyForDeploymentPostprocessing = 0;
		};
/* End PBXResourcesBuildPhase section */

/* Begin PBXSourcesBuildPhase section */
		52962F7E2D5E2C1A008CCCEA /* Sources */ = {
			isa = PBXSourcesBuildPhase;
			buildActionMask = 2147483647;
			files = (
				52962FB72D5E2CCC008CCCEA /* WeatherViewModel.swift in Sources */,
				52962F862D5E2C1A008CCCEA /* weather_appApp.swift in Sources */,
				52962FB22D5E2C9D008CCCEA /* ContentView.swift in Sources */,
				52962FBA2D5E2CE5008CCCEA /* Weather.swift in Sources */,
				52962FB42D5E2CA9008CCCEA /* WeatherView.swift in Sources */,
			);
			runOnlyForDeploymentPostprocessing = 0;
		};
		52962F8F2D5E2C1C008CCCEA /* Sources */ = {
			isa = PBXSourcesBuildPhase;
			buildActionMask = 2147483647;
			files = (
				52962F982D5E2C1C008CCCEA /* weather_appTests.swift in Sources */,
			);
			runOnlyForDeploymentPostprocessing = 0;
		};
		52962F992D5E2C1C008CCCEA /* Sources */ = {
			isa = PBXSourcesBuildPhase;
			buildActionMask = 2147483647;
			files = (
				52962FA22D5E2C1C008CCCEA /* weather_appUITests.swift in Sources */,
				52962FA42D5E2C1C008CCCEA /* weather_appUITestsLaunchTests.swift in Sources */,
			);
			runOnlyForDeploymentPostprocessing = 0;
		};
/* End PBXSourcesBuildPhase section */

/* Begin PBXTargetDependency section */
		52962F952D5E2C1C008CCCEA /* PBXTargetDependency */ = {
			isa = PBXTargetDependency;
			target = 52962F812D5E2C1A008CCCEA /* weather_app */;
			targetProxy = 52962F942D5E2C1C008CCCEA /* PBXContainerItemProxy */;
		};
		52962F9F2D5E2C1C008CCCEA /* PBXTargetDependency */ = {
			isa = PBXTargetDependency;
			target = 52962F812D5E2C1A008CCCEA /* weather_app */;
			targetProxy = 52962F9E2D5E2C1C008CCCEA /* PBXContainerItemProxy */;
		};
/* End PBXTargetDependency section */

/* Begin XCBuildConfiguration section */
		52962FA52D5E2C1C008CCCEA /* Debug */ = {
			isa = XCBuildConfiguration;
			buildSettings = {
				ALWAYS_SEARCH_USER_PATHS = NO;
				ASSETCATALOG_COMPILER_GENERATE_SWIFT_ASSET_SYMBOL_EXTENSIONS = YES;
				CLANG_ANALYZER_NONNULL = YES;
				CLANG_ANALYZER_NUMBER_OBJECT_CONVERSION = YES_AGGRESSIVE;
				CLANG_CXX_LANGUAGE_STANDARD = "gnu++20";
				CLANG_ENABLE_MODULES = YES;
				CLANG_ENABLE_OBJC_ARC = YES;
				CLANG_ENABLE_OBJC_WEAK = YES;
				CLANG_WARN_BLOCK_CAPTURE_AUTORELEASING = YES;
				CLANG_WARN_BOOL_CONVERSION = YES;
				CLANG_WARN_COMMA = YES;
				CLANG_WARN_CONSTANT_CONVERSION = YES;
				CLANG_WARN_DEPRECATED_OBJC_IMPLEMENTATIONS = YES;
				CLANG_WARN_DIRECT_OBJC_ISA_USAGE = YES_ERROR;
				CLANG_WARN_DOCUMENTATION_COMMENTS = YES;
				CLANG_WARN_EMPTY_BODY = YES;
				CLANG_WARN_ENUM_CONVERSION = YES;
				CLANG_WARN_INFINITE_RECURSION = YES;
				CLANG_WARN_INT_CONVERSION = YES;
				CLANG_WARN_NON_LITERAL_NULL_CONVERSION = YES;
				CLANG_WARN_OBJC_IMPLICIT_RETAIN_SELF = YES;
				CLANG_WARN_OBJC_LITERAL_CONVERSION = YES;
				CLANG_WARN_OBJC_ROOT_CLASS = YES_ERROR;
				CLANG_WARN_QUOTED_INCLUDE_IN_FRAMEWORK_HEADER = YES;
				CLANG_WARN_RANGE_LOOP_ANALYSIS = YES;
				CLANG_WARN_STRICT_PROTOTYPES = YES;
				CLANG_WARN_SUSPICIOUS_MOVE = YES;
				CLANG_WARN_UNGUARDED_AVAILABILITY = YES_AGGRESSIVE;
				CLANG_WARN_UNREACHABLE_CODE = YES;
				CLANG_WARN__DUPLICATE_METHOD_MATCH = YES;
				COPY_PHASE_STRIP = NO;
				DEBUG_INFORMATION_FORMAT = dwarf;
				ENABLE_STRICT_OBJC_MSGSEND = YES;
				ENABLE_TESTABILITY = YES;
				ENABLE_USER_SCRIPT_SANDBOXING = YES;
				GCC_C_LANGUAGE_STANDARD = gnu17;
				GCC_DYNAMIC_NO_PIC = NO;
				GCC_NO_COMMON_BLOCKS = YES;
				GCC_OPTIMIZATION_LEVEL = 0;
				GCC_PREPROCESSOR_DEFINITIONS = (
					"DEBUG=1",
					"$(inherited)",
				);
				GCC_WARN_64_TO_32_BIT_CONVERSION = YES;
				GCC_WARN_ABOUT_RETURN_TYPE = YES_ERROR;
				GCC_WARN_UNDECLARED_SELECTOR = YES;
				GCC_WARN_UNINITIALIZED_AUTOS = YES_AGGRESSIVE;
				GCC_WARN_UNUSED_FUNCTION = YES;
				GCC_WARN_UNUSED_VARIABLE = YES;
				LOCALIZATION_PREFERS_STRING_CATALOGS = YES;
				MTL_ENABLE_DEBUG_INFO = INCLUDE_SOURCE;
				MTL_FAST_MATH = YES;
				ONLY_ACTIVE_ARCH = YES;
				SWIFT_ACTIVE_COMPILATION_CONDITIONS = "DEBUG $(inherited)";
				SWIFT_OPTIMIZATION_LEVEL = "-Onone";
			};
			name = Debug;
		};
		52962FA62D5E2C1C008CCCEA /* Release */ = {
			isa = XCBuildConfiguration;
			buildSettings = {
				ALWAYS_SEARCH_USER_PATHS = NO;
				ASSETCATALOG_COMPILER_GENERATE_SWIFT_ASSET_SYMBOL_EXTENSIONS = YES;
				CLANG_ANALYZER_NONNULL = YES;
				CLANG_ANALYZER_NUMBER_OBJECT_CONVERSION = YES_AGGRESSIVE;
				CLANG_CXX_LANGUAGE_STANDARD = "gnu++20";
				CLANG_ENABLE_MODULES = YES;
				CLANG_ENABLE_OBJC_ARC = YES;
				CLANG_ENABLE_OBJC_WEAK = YES;
				CLANG_WARN_BLOCK_CAPTURE_AUTORELEASING = YES;
				CLANG_WARN_BOOL_CONVERSION = YES;
				CLANG_WARN_COMMA = YES;
				CLANG_WARN_CONSTANT_CONVERSION = YES;
				CLANG_WARN_DEPRECATED_OBJC_IMPLEMENTATIONS = YES;
				CLANG_WARN_DIRECT_OBJC_ISA_USAGE = YES_ERROR;
				CLANG_WARN_DOCUMENTATION_COMMENTS = YES;
				CLANG_WARN_EMPTY_BODY = YES;
				CLANG_WARN_ENUM_CONVERSION = YES;
				CLANG_WARN_INFINITE_RECURSION = YES;
				CLANG_WARN_INT_CONVERSION = YES;
				CLANG_WARN_NON_LITERAL_NULL_CONVERSION = YES;
				CLANG_WARN_OBJC_IMPLICIT_RETAIN_SELF = YES;
				CLANG_WARN_OBJC_LITERAL_CONVERSION = YES;
				CLANG_WARN_OBJC_ROOT_CLASS = YES_ERROR;
				CLANG_WARN_QUOTED_INCLUDE_IN_FRAMEWORK_HEADER = YES;
				CLANG_WARN_RANGE_LOOP_ANALYSIS = YES;
				CLANG_WARN_STRICT_PROTOTYPES = YES;
				CLANG_WARN_SUSPICIOUS_MOVE = YES;
				CLANG_WARN_UNGUARDED_AVAILABILITY = YES_AGGRESSIVE;
				CLANG_WARN_UNREACHABLE_CODE = YES;
				CLANG_WARN__DUPLICATE_METHOD_MATCH = YES;
				COPY_PHASE_STRIP = NO;
				DEBUG_INFORMATION_FORMAT = "dwarf-with-dsym";
				ENABLE_NS_ASSERTIONS = NO;
				ENABLE_STRICT_OBJC_MSGSEND = YES;
				ENABLE_USER_SCRIPT_SANDBOXING = YES;
				GCC_C_LANGUAGE_STANDARD = gnu17;
				GCC_NO_COMMON_BLOCKS = YES;
				GCC_WARN_64_TO_32_BIT_CONVERSION = YES;
				GCC_WARN_ABOUT_RETURN_TYPE = YES_ERROR;
				GCC_WARN_UNDECLARED_SELECTOR = YES;
				GCC_WARN_UNINITIALIZED_AUTOS = YES_AGGRESSIVE;
				GCC_WARN_UNUSED_FUNCTION = YES;
				GCC_WARN_UNUSED_VARIABLE = YES;
				LOCALIZATION_PREFERS_STRING_CATALOGS = YES;
				MTL_ENABLE_DEBUG_INFO = NO;
				MTL_FAST_MATH = YES;
				SWIFT_COMPILATION_MODE = wholemodule;
			};
			name = Release;
		};
		52962FA82D5E2C1C008CCCEA /* Debug */ = {
			isa = XCBuildConfiguration;
			buildSettings = {
				ASSETCATALOG_COMPILER_APPICON_NAME = AppIcon;
				ASSETCATALOG_COMPILER_GLOBAL_ACCENT_COLOR_NAME = AccentColor;
				CODE_SIGN_ENTITLEMENTS = weather_app/weather_app.entitlements;
				CODE_SIGN_STYLE = Automatic;
				CURRENT_PROJECT_VERSION = 1;
				DEVELOPMENT_ASSET_PATHS = "\"weather_app/Preview Content\"";
				ENABLE_PREVIEWS = YES;
				GENERATE_INFOPLIST_FILE = YES;
				"INFOPLIST_KEY_UIApplicationSceneManifest_Generation[sdk=iphoneos*]" = YES;
				"INFOPLIST_KEY_UIApplicationSceneManifest_Generation[sdk=iphonesimulator*]" = YES;
				"INFOPLIST_KEY_UIApplicationSupportsIndirectInputEvents[sdk=iphoneos*]" = YES;
				"INFOPLIST_KEY_UIApplicationSupportsIndirectInputEvents[sdk=iphonesimulator*]" = YES;
				"INFOPLIST_KEY_UILaunchScreen_Generation[sdk=iphoneos*]" = YES;
				"INFOPLIST_KEY_UILaunchScreen_Generation[sdk=iphonesimulator*]" = YES;
				"INFOPLIST_KEY_UIStatusBarStyle[sdk=iphoneos*]" = UIStatusBarStyleDefault;
				"INFOPLIST_KEY_UIStatusBarStyle[sdk=iphonesimulator*]" = UIStatusBarStyleDefault;
				INFOPLIST_KEY_UISupportedInterfaceOrientations_iPad = "UIInterfaceOrientationPortrait UIInterfaceOrientationPortraitUpsideDown UIInterfaceOrientationLandscapeLeft UIInterfaceOrientationLandscapeRight";
				INFOPLIST_KEY_UISupportedInterfaceOrientations_iPhone = "UIInterfaceOrientationPortrait UIInterfaceOrientationLandscapeLeft UIInterfaceOrientationLandscapeRight";
				IPHONEOS_DEPLOYMENT_TARGET = 17.5;
				LD_RUNPATH_SEARCH_PATHS = "@executable_path/Frameworks";
				"LD_RUNPATH_SEARCH_PATHS[sdk=macosx*]" = "@executable_path/../Frameworks";
				MACOSX_DEPLOYMENT_TARGET = 14.3;
				MARKETING_VERSION = 1.0;
				PRODUCT_BUNDLE_IDENTIFIER = "pasha.weather-app";
				PRODUCT_NAME = "$(TARGET_NAME)";
				SDKROOT = auto;
				SUPPORTED_PLATFORMS = "iphoneos iphonesimulator macosx";
				SWIFT_EMIT_LOC_STRINGS = YES;
				SWIFT_VERSION = 5.0;
				TARGETED_DEVICE_FAMILY = "1,2";
			};
			name = Debug;
		};
		52962FA92D5E2C1C008CCCEA /* Release */ = {
			isa = XCBuildConfiguration;
			buildSettings = {
				ASSETCATALOG_COMPILER_APPICON_NAME = AppIcon;
				ASSETCATALOG_COMPILER_GLOBAL_ACCENT_COLOR_NAME = AccentColor;
				CODE_SIGN_ENTITLEMENTS = weather_app/weather_app.entitlements;
				CODE_SIGN_STYLE = Automatic;
				CURRENT_PROJECT_VERSION = 1;
				DEVELOPMENT_ASSET_PATHS = "\"weather_app/Preview Content\"";
				ENABLE_PREVIEWS = YES;
				GENERATE_INFOPLIST_FILE = YES;
				"INFOPLIST_KEY_UIApplicationSceneManifest_Generation[sdk=iphoneos*]" = YES;
				"INFOPLIST_KEY_UIApplicationSceneManifest_Generation[sdk=iphonesimulator*]" = YES;
				"INFOPLIST_KEY_UIApplicationSupportsIndirectInputEvents[sdk=iphoneos*]" = YES;
				"INFOPLIST_KEY_UIApplicationSupportsIndirectInputEvents[sdk=iphonesimulator*]" = YES;
				"INFOPLIST_KEY_UILaunchScreen_Generation[sdk=iphoneos*]" = YES;
				"INFOPLIST_KEY_UILaunchScreen_Generation[sdk=iphonesimulator*]" = YES;
				"INFOPLIST_KEY_UIStatusBarStyle[sdk=iphoneos*]" = UIStatusBarStyleDefault;
				"INFOPLIST_KEY_UIStatusBarStyle[sdk=iphonesimulator*]" = UIStatusBarStyleDefault;
				INFOPLIST_KEY_UISupportedInterfaceOrientations_iPad = "UIInterfaceOrientationPortrait UIInterfaceOrientationPortraitUpsideDown UIInterfaceOrientationLandscapeLeft UIInterfaceOrientationLandscapeRight";
				INFOPLIST_KEY_UISupportedInterfaceOrientations_iPhone = "UIInterfaceOrientationPortrait UIInterfaceOrientationLandscapeLeft UIInterfaceOrientationLandscapeRight";
				IPHONEOS_DEPLOYMENT_TARGET = 17.5;
				LD_RUNPATH_SEARCH_PATHS = "@executable_path/Frameworks";
				"LD_RUNPATH_SEARCH_PATHS[sdk=macosx*]" = "@executable_path/../Frameworks";
				MACOSX_DEPLOYMENT_TARGET = 14.3;
				MARKETING_VERSION = 1.0;
				PRODUCT_BUNDLE_IDENTIFIER = "pasha.weather-app";
				PRODUCT_NAME = "$(TARGET_NAME)";
				SDKROOT = auto;
				SUPPORTED_PLATFORMS = "iphoneos iphonesimulator macosx";
				SWIFT_EMIT_LOC_STRINGS = YES;
				SWIFT_VERSION = 5.0;
				TARGETED_DEVICE_FAMILY = "1,2";
			};
			name = Release;
		};
		52962FAB2D5E2C1C008CCCEA /* Debug */ = {
			isa = XCBuildConfiguration;
			buildSettings = {
				ALWAYS_EMBED_SWIFT_STANDARD_LIBRARIES = YES;
				BUNDLE_LOADER = "$(TEST_HOST)";
				CODE_SIGN_STYLE = Automatic;
				CURRENT_PROJECT_VERSION = 1;
				GENERATE_INFOPLIST_FILE = YES;
				IPHONEOS_DEPLOYMENT_TARGET = 17.5;
				MACOSX_DEPLOYMENT_TARGET = 14.3;
				MARKETING_VERSION = 1.0;
				PRODUCT_BUNDLE_IDENTIFIER = "pasha.weather-appTests";
				PRODUCT_NAME = "$(TARGET_NAME)";
				SDKROOT = auto;
				SUPPORTED_PLATFORMS = "iphoneos iphonesimulator macosx";
				SWIFT_EMIT_LOC_STRINGS = NO;
				SWIFT_VERSION = 5.0;
				TARGETED_DEVICE_FAMILY = "1,2";
				TEST_HOST = "$(BUILT_PRODUCTS_DIR)/weather_app.app/$(BUNDLE_EXECUTABLE_FOLDER_PATH)/weather_app";
			};
			name = Debug;
		};
		52962FAC2D5E2C1C008CCCEA /* Release */ = {
			isa = XCBuildConfiguration;
			buildSettings = {
				ALWAYS_EMBED_SWIFT_STANDARD_LIBRARIES = YES;
				BUNDLE_LOADER = "$(TEST_HOST)";
				CODE_SIGN_STYLE = Automatic;
				CURRENT_PROJECT_VERSION = 1;
				GENERATE_INFOPLIST_FILE = YES;
				IPHONEOS_DEPLOYMENT_TARGET = 17.5;
				MACOSX_DEPLOYMENT_TARGET = 14.3;
				MARKETING_VERSION = 1.0;
				PRODUCT_BUNDLE_IDENTIFIER = "pasha.weather-appTests";
				PRODUCT_NAME = "$(TARGET_NAME)";
				SDKROOT = auto;
				SUPPORTED_PLATFORMS = "iphoneos iphonesimulator macosx";
				SWIFT_EMIT_LOC_STRINGS = NO;
				SWIFT_VERSION = 5.0;
				TARGETED_DEVICE_FAMILY = "1,2";
				TEST_HOST = "$(BUILT_PRODUCTS_DIR)/weather_app.app/$(BUNDLE_EXECUTABLE_FOLDER_PATH)/weather_app";
			};
			name = Release;
		};
		52962FAE2D5E2C1C008CCCEA /* Debug */ = {
			isa = XCBuildConfiguration;
			buildSettings = {
				ALWAYS_EMBED_SWIFT_STANDARD_LIBRARIES = YES;
				CODE_SIGN_STYLE = Automatic;
				CURRENT_PROJECT_VERSION = 1;
				GENERATE_INFOPLIST_FILE = YES;
				IPHONEOS_DEPLOYMENT_TARGET = 17.5;
				MACOSX_DEPLOYMENT_TARGET = 14.3;
				MARKETING_VERSION = 1.0;
				PRODUCT_BUNDLE_IDENTIFIER = "pasha.weather-appUITests";
				PRODUCT_NAME = "$(TARGET_NAME)";
				SDKROOT = auto;
				SUPPORTED_PLATFORMS = "iphoneos iphonesimulator macosx";
				SWIFT_EMIT_LOC_STRINGS = NO;
				SWIFT_VERSION = 5.0;
				TARGETED_DEVICE_FAMILY = "1,2";
				TEST_TARGET_NAME = weather_app;
			};
			name = Debug;
		};
		52962FAF2D5E2C1C008CCCEA /* Release */ = {
			isa = XCBuildConfiguration;
			buildSettings = {
				ALWAYS_EMBED_SWIFT_STANDARD_LIBRARIES = YES;
				CODE_SIGN_STYLE = Automatic;
				CURRENT_PROJECT_VERSION = 1;
				GENERATE_INFOPLIST_FILE = YES;
				IPHONEOS_DEPLOYMENT_TARGET = 17.5;
				MACOSX_DEPLOYMENT_TARGET = 14.3;
				MARKETING_VERSION = 1.0;
				PRODUCT_BUNDLE_IDENTIFIER = "pasha.weather-appUITests";
				PRODUCT_NAME = "$(TARGET_NAME)";
				SDKROOT = auto;
				SUPPORTED_PLATFORMS = "iphoneos iphonesimulator macosx";
				SWIFT_EMIT_LOC_STRINGS = NO;
				SWIFT_VERSION = 5.0;
				TARGETED_DEVICE_FAMILY = "1,2";
				TEST_TARGET_NAME = weather_app;
			};
			name = Release;
		};
/* End XCBuildConfiguration section */

/* Begin XCConfigurationList section */
		52962F7D2D5E2C1A008CCCEA /* Build configuration list for PBXProject "weather_app" */ = {
			isa = XCConfigurationList;
			buildConfigurations = (
				52962FA52D5E2C1C008CCCEA /* Debug */,
				52962FA62D5E2C1C008CCCEA /* Release */,
			);
			defaultConfigurationIsVisible = 0;
			defaultConfigurationName = Release;
		};
		52962FA72D5E2C1C008CCCEA /* Build configuration list for PBXNativeTarget "weather_app" */ = {
			isa = XCConfigurationList;
			buildConfigurations = (
				52962FA82D5E2C1C008CCCEA /* Debug */,
				52962FA92D5E2C1C008CCCEA /* Release */,
			);
			defaultConfigurationIsVisible = 0;
			defaultConfigurationName = Release;
		};
		52962FAA2D5E2C1C008CCCEA /* Build configuration list for PBXNativeTarget "weather_appTests" */ = {
			isa = XCConfigurationList;
			buildConfigurations = (
				52962FAB2D5E2C1C008CCCEA /* Debug */,
				52962FAC2D5E2C1C008CCCEA /* Release */,
			);
			defaultConfigurationIsVisible = 0;
			defaultConfigurationName = Release;
		};
		52962FAD2D5E2C1C008CCCEA /* Build configuration list for PBXNativeTarget "weather_appUITests" */ = {
			isa = XCConfigurationList;
			buildConfigurations = (
				52962FAE2D5E2C1C008CCCEA /* Debug */,
				52962FAF2D5E2C1C008CCCEA /* Release */,
			);
			defaultConfigurationIsVisible = 0;
			defaultConfigurationName = Release;
		};
/* End XCConfigurationList section */
	};
	rootObject = 52962F7A2D5E2C1A008CCCEA /* Project object */;
}
